
Microsoft Visual Studio Solution File, Format Version 12.00
# Visual Studio Version 17
VisualStudioVersion = 17.4.33110.190
MinimumVisualStudioVersion = 10.0.40219.1
Project("{FAE04EC0-301F-11D3-BF4B-00C04F79EFBC}") = "projectDB", "projectDB\projectDB.csproj", "{B22AE5B8-B6AC-4936-A230-67F0723149B6}"
EndProject
Global
	GlobalSection(SolutionConfigurationPlatforms) = preSolution
		Debug|Any CPU = Debug|Any CPU
		Release|Any CPU = Release|Any CPU
	EndGlobalSection
	GlobalSection(ProjectConfigurationPlatforms) = postSolution
		{B22AE5B8-B6AC-4936-A230-67F0723149B6}.Debug|Any CPU.ActiveCfg = Debug|Any CPU
		{B22AE5B8-B6AC-4936-A230-67F0723149B6}.Debug|Any CPU.Build.0 = Debug|Any CPU
		{B22AE5B8-B6AC-4936-A230-67F0723149B6}.Release|Any CPU.ActiveCfg = Release|Any CPU
		{B22AE5B8-B6AC-4936-A230-67F0723149B6}.Release|Any CPU.Build.0 = Release|Any CPU
	EndGlobalSection
	GlobalSection(SolutionProperties) = preSolution
		HideSolutionNode = FALSE
	EndGlobalSection
	GlobalSection(ExtensibilityGlobals) = postSolution
		SolutionGuid = {5B05EC41-8F8F-4B11-A5C2-A421765A5449}
	EndGlobalSection
EndGlobal
